
Microsoft Visual Studio Solution File, Format Version 12.00
# Visual Studio Version 16
VisualStudioVersion = 16.0.29613.14
MinimumVisualStudioVersion = 10.0.40219.1
Project("{9A19103F-16F7-4668-BE54-9A1E7A4F7556}") = "PokerStats", "PokerStats\PokerStats.csproj", "{73F8496C-96F9-4ED9-9BED-66CB54A083E2}"
EndProject
Project("{9A19103F-16F7-4668-BE54-9A1E7A4F7556}") = "PokerReinforcementLearning", "PokerReinforcementLearning\PokerReinforcementLearning.csproj", "{79537306-55A2-4E0B-B3CD-24CB5D11CD12}"
EndProject
Project("{FAE04EC0-301F-11D3-BF4B-00C04F79EFBC}") = "NeuralNetwork", "NeuralNetwork\NeuralNetwork.csproj", "{DC00E7CF-30A9-464C-89EC-F4D2EF93D69D}"
EndProject
Global
	GlobalSection(SolutionConfigurationPlatforms) = preSolution
		Debug|Any CPU = Debug|Any CPU
		Release|Any CPU = Release|Any CPU
	EndGlobalSection
	GlobalSection(ProjectConfigurationPlatforms) = postSolution
		{73F8496C-96F9-4ED9-9BED-66CB54A083E2}.Debug|Any CPU.ActiveCfg = Debug|Any CPU
		{73F8496C-96F9-4ED9-9BED-66CB54A083E2}.Debug|Any CPU.Build.0 = Debug|Any CPU
		{73F8496C-96F9-4ED9-9BED-66CB54A083E2}.Release|Any CPU.ActiveCfg = Release|Any CPU
		{73F8496C-96F9-4ED9-9BED-66CB54A083E2}.Release|Any CPU.Build.0 = Release|Any CPU
		{79537306-55A2-4E0B-B3CD-24CB5D11CD12}.Debug|Any CPU.ActiveCfg = Debug|Any CPU
		{79537306-55A2-4E0B-B3CD-24CB5D11CD12}.Debug|Any CPU.Build.0 = Debug|Any CPU
		{79537306-55A2-4E0B-B3CD-24CB5D11CD12}.Release|Any CPU.ActiveCfg = Release|Any CPU
		{79537306-55A2-4E0B-B3CD-24CB5D11CD12}.Release|Any CPU.Build.0 = Release|Any CPU
		{DC00E7CF-30A9-464C-89EC-F4D2EF93D69D}.Debug|Any CPU.ActiveCfg = Debug|Any CPU
		{DC00E7CF-30A9-464C-89EC-F4D2EF93D69D}.Debug|Any CPU.Build.0 = Debug|Any CPU
		{DC00E7CF-30A9-464C-89EC-F4D2EF93D69D}.Release|Any CPU.ActiveCfg = Release|Any CPU
		{DC00E7CF-30A9-464C-89EC-F4D2EF93D69D}.Release|Any CPU.Build.0 = Release|Any CPU
	EndGlobalSection
	GlobalSection(SolutionProperties) = preSolution
		HideSolutionNode = FALSE
	EndGlobalSection
	GlobalSection(ExtensibilityGlobals) = postSolution
		SolutionGuid = {1FFEBB31-AD8F-40E8-8AAF-4962F0516E1C}
	EndGlobalSection
EndGlobal
